// !$*UTF8*$!
{
	archiveVersion = 1;
	classes = {
	};
	objectVersion = 46;
	objects = {

/* Begin PBXBuildFile section */
		84C86EF61EB9760000EBD289 /* AppDelegate.swift in Sources */ = {isa = PBXBuildFile; fileRef = 84C86EF51EB9760000EBD289 /* AppDelegate.swift */; };
		84C86EF81EB9760000EBD289 /* ViewController.swift in Sources */ = {isa = PBXBuildFile; fileRef = 84C86EF71EB9760000EBD289 /* ViewController.swift */; };
		84C86EFB1EB9760000EBD289 /* Main.storyboard in Resources */ = {isa = PBXBuildFile; fileRef = 84C86EF91EB9760000EBD289 /* Main.storyboard */; };
		84C86EFD1EB9760000EBD289 /* Assets.xcassets in Resources */ = {isa = PBXBuildFile; fileRef = 84C86EFC1EB9760000EBD289 /* Assets.xcassets */; };
		84C86F001EB9760000EBD289 /* LaunchScreen.storyboard in Resources */ = {isa = PBXBuildFile; fileRef = 84C86EFE1EB9760000EBD289 /* LaunchScreen.storyboard */; };
		84C86F0B1EB9760000EBD289 /* HouaTests.swift in Sources */ = {isa = PBXBuildFile; fileRef = 84C86F0A1EB9760000EBD289 /* HouaTests.swift */; };
/* End PBXBuildFile section */

/* Begin PBXContainerItemProxy section */
		84C86F071EB9760000EBD289 /* PBXContainerItemProxy */ = {
			isa = PBXContainerItemProxy;
			containerPortal = 84C86EEA1EB9760000EBD289 /* Project object */;
			proxyType = 1;
			remoteGlobalIDString = 84C86EF11EB9760000EBD289;
			remoteInfo = Houa;
		};
/* End PBXContainerItemProxy section */

/* Begin PBXFileReference section */
		84C86EF21EB9760000EBD289 /* Houa.app */ = {isa = PBXFileReference; explicitFileType = wrapper.application; includeInIndex = 0; path = Houa.app; sourceTree = BUILT_PRODUCTS_DIR; };
		84C86EF51EB9760000EBD289 /* AppDelegate.swift */ = {isa = PBXFileReference; lastKnownFileType = sourcecode.swift; path = AppDelegate.swift; sourceTree = "<group>"; };
		84C86EF71EB9760000EBD289 /* ViewController.swift */ = {isa = PBXFileReference; lastKnownFileType = sourcecode.swift; path = ViewController.swift; sourceTree = "<group>"; };
		84C86EFA1EB9760000EBD289 /* Base */ = {isa = PBXFileReference; lastKnownFileType = file.storyboard; name = Base; path = Base.lproj/Main.storyboard; sourceTree = "<group>"; };
		84C86EFC1EB9760000EBD289 /* Assets.xcassets */ = {isa = PBXFileReference; lastKnownFileType = folder.assetcatalog; path = Assets.xcassets; sourceTree = "<group>"; };
		84C86EFF1EB9760000EBD289 /* Base */ = {isa = PBXFileReference; lastKnownFileType = file.storyboard; name = Base; path = Base.lproj/LaunchScreen.storyboard; sourceTree = "<group>"; };
		84C86F011EB9760000EBD289 /* Info.plist */ = {isa = PBXFileReference; lastKnownFileType = text.plist.xml; path = Info.plist; sourceTree = "<group>"; };
		84C86F061EB9760000EBD289 /* HouaTests.xctest */ = {isa = PBXFileReference; explicitFileType = wrapper.cfbundle; includeInIndex = 0; path = HouaTests.xctest; sourceTree = BUILT_PRODUCTS_DIR; };
		84C86F0A1EB9760000EBD289 /* HouaTests.swift */ = {isa = PBXFileReference; lastKnownFileType = sourcecode.swift; path = HouaTests.swift; sourceTree = "<group>"; };
		84C86F0C1EB9760000EBD289 /* Info.plist */ = {isa = PBXFileReference; lastKnownFileType = text.plist.xml; path = Info.plist; sourceTree = "<group>"; };
/* End PBXFileReference section */

/* Begin PBXFrameworksBuildPhase section */
		84C86EEF1EB9760000EBD289 /* Frameworks */ = {
			isa = PBXFrameworksBuildPhase;
			buildActionMask = 2147483647;
			files = (
			);
			runOnlyForDeploymentPostprocessing = 0;
		};
		84C86F031EB9760000EBD289 /* Frameworks */ = {
			isa = PBXFrameworksBuildPhase;
			buildActionMask = 2147483647;
			files = (
			);
			runOnlyForDeploymentPostprocessing = 0;
		};
/* End PBXFrameworksBuildPhase section */

/* Begin PBXGroup section */
		84C86EE91EB9760000EBD289 = {
			isa = PBXGroup;
			children = (
				84C86EF41EB9760000EBD289 /* Houa */,
				84C86F091EB9760000EBD289 /* HouaTests */,
				84C86EF31EB9760000EBD289 /* Products */,
			);
			sourceTree = "<group>";
		};
		84C86EF31EB9760000EBD289 /* Products */ = {
			isa = PBXGroup;
			children = (
				84C86EF21EB9760000EBD289 /* Houa.app */,
				84C86F061EB9760000EBD289 /* HouaTests.xctest */,
			);
			name = Products;
			sourceTree = "<group>";
		};
		84C86EF41EB9760000EBD289 /* Houa */ = {
			isa = PBXGroup;
			children = (
				84C86EF51EB9760000EBD289 /* AppDelegate.swift */,
				84C86EF71EB9760000EBD289 /* ViewController.swift */,
				84C86EF91EB9760000EBD289 /* Main.storyboard */,
				84C86EFC1EB9760000EBD289 /* Assets.xcassets */,
				84C86EFE1EB9760000EBD289 /* LaunchScreen.storyboard */,
				84C86F011EB9760000EBD289 /* Info.plist */,
			);
			path = Houa;
			sourceTree = "<group>";
		};
		84C86F091EB9760000EBD289 /* HouaTests */ = {
			isa = PBXGroup;
			children = (
				84C86F0A1EB9760000EBD289 /* HouaTests.swift */,
				84C86F0C1EB9760000EBD289 /* Info.plist */,
			);
			path = HouaTests;
			sourceTree = "<group>";
		};
/* End PBXGroup section */

/* Begin PBXNativeTarget section */
		84C86EF11EB9760000EBD289 /* Houa */ = {
			isa = PBXNativeTarget;
			buildConfigurationList = 84C86F0F1EB9760000EBD289 /* Build configuration list for PBXNativeTarget "Houa" */;
			buildPhases = (
				84C86EEE1EB9760000EBD289 /* Sources */,
				84C86EEF1EB9760000EBD289 /* Frameworks */,
				84C86EF01EB9760000EBD289 /* Resources */,
			);
			buildRules = (
			);
			dependencies = (
			);
			name = Houa;
			productName = Houa;
			productReference = 84C86EF21EB9760000EBD289 /* Houa.app */;
			productType = "com.apple.product-type.application";
		};
		84C86F051EB9760000EBD289 /* HouaTests */ = {
			isa = PBXNativeTarget;
			buildConfigurationList = 84C86F121EB9760000EBD289 /* Build configuration list for PBXNativeTarget "HouaTests" */;
			buildPhases = (
				84C86F021EB9760000EBD289 /* Sources */,
				84C86F031EB9760000EBD289 /* Frameworks */,
				84C86F041EB9760000EBD289 /* Resources */,
			);
			buildRules = (
			);
			dependencies = (
				84C86F081EB9760000EBD289 /* PBXTargetDependency */,
			);
			name = HouaTests;
			productName = HouaTests;
			productReference = 84C86F061EB9760000EBD289 /* HouaTests.xctest */;
			productType = "com.apple.product-type.bundle.unit-test";
		};
/* End PBXNativeTarget section */

/* Begin PBXProject section */
		84C86EEA1EB9760000EBD289 /* Project object */ = {
			isa = PBXProject;
			attributes = {
				LastSwiftUpdateCheck = 0830;
				LastUpgradeCheck = 0830;
				ORGANIZATIONNAME = houa;
				TargetAttributes = {
					84C86EF11EB9760000EBD289 = {
						CreatedOnToolsVersion = 8.3.2;
						ProvisioningStyle = Automatic;
					};
					84C86F051EB9760000EBD289 = {
						CreatedOnToolsVersion = 8.3.2;
						ProvisioningStyle = Automatic;
						TestTargetID = 84C86EF11EB9760000EBD289;
					};
				};
			};
			buildConfigurationList = 84C86EED1EB9760000EBD289 /* Build configuration list for PBXProject "Houa" */;
			compatibilityVersion = "Xcode 3.2";
			developmentRegion = English;
			hasScannedForEncodings = 0;
			knownRegions = (
				en,
				Base,
			);
			mainGroup = 84C86EE91EB9760000EBD289;
			productRefGroup = 84C86EF31EB9760000EBD289 /* Products */;
			projectDirPath = "";
			projectRoot = "";
			targets = (
				84C86EF11EB9760000EBD289 /* Houa */,
				84C86F051EB9760000EBD289 /* HouaTests */,
			);
		};
/* End PBXProject section */

/* Begin PBXResourcesBuildPhase section */
		84C86EF01EB9760000EBD289 /* Resources */ = {
			isa = PBXResourcesBuildPhase;
			buildActionMask = 2147483647;
			files = (
				84C86F001EB9760000EBD289 /* LaunchScreen.storyboard in Resources */,
				84C86EFD1EB9760000EBD289 /* Assets.xcassets in Resources */,
				84C86EFB1EB9760000EBD289 /* Main.storyboard in Resources */,
			);
			runOnlyForDeploymentPostprocessing = 0;
		};
		84C86F041EB9760000EBD289 /* Resources */ = {
			isa = PBXResourcesBuildPhase;
			buildActionMask = 2147483647;
			files = (
			);
			runOnlyForDeploymentPostprocessing = 0;
		};
/* End PBXResourcesBuildPhase section */

/* Begin PBXSourcesBuildPhase section */
		84C86EEE1EB9760000EBD289 /* Sources */ = {
			isa = PBXSourcesBuildPhase;
			buildActionMask = 2147483647;
			files = (
				84C86EF81EB9760000EBD289 /* ViewController.swift in Sources */,
				84C86EF61EB9760000EBD289 /* AppDelegate.swift in Sources */,
			);
			runOnlyForDeploymentPostprocessing = 0;
		};
		84C86F021EB9760000EBD289 /* Sources */ = {
			isa = PBXSourcesBuildPhase;
			buildActionMask = 2147483647;
			files = (
				84C86F0B1EB9760000EBD289 /* HouaTests.swift in Sources */,
			);
			runOnlyForDeploymentPostprocessing = 0;
		};
/* End PBXSourcesBuildPhase section */

/* Begin PBXTargetDependency section */
		84C86F081EB9760000EBD289 /* PBXTargetDependency */ = {
			isa = PBXTargetDependency;
			target = 84C86EF11EB9760000EBD289 /* Houa */;
			targetProxy = 84C86F071EB9760000EBD289 /* PBXContainerItemProxy */;
		};
/* End PBXTargetDependency section */

/* Begin PBXVariantGroup section */
		84C86EF91EB9760000EBD289 /* Main.storyboard */ = {
			isa = PBXVariantGroup;
			children = (
				84C86EFA1EB9760000EBD289 /* Base */,
			);
			name = Main.storyboard;
			sourceTree = "<group>";
		};
		84C86EFE1EB9760000EBD289 /* LaunchScreen.storyboard */ = {
			isa = PBXVariantGroup;
			children = (
				84C86EFF1EB9760000EBD289 /* Base */,
			);
			name = LaunchScreen.storyboard;
			sourceTree = "<group>";
		};
/* End PBXVariantGroup section */

/* Begin XCBuildConfiguration section */
		84C86F0D1EB9760000EBD289 /* Debug */ = {
			isa = XCBuildConfiguration;
			buildSettings = {
				ALWAYS_SEARCH_USER_PATHS = NO;
				CLANG_ANALYZER_NONNULL = YES;
				CLANG_ANALYZER_NUMBER_OBJECT_CONVERSION = YES_AGGRESSIVE;
				CLANG_CXX_LANGUAGE_STANDARD = "gnu++0x";
				CLANG_CXX_LIBRARY = "libc++";
				CLANG_ENABLE_MODULES = YES;
				CLANG_ENABLE_OBJC_ARC = YES;
				CLANG_WARN_BOOL_CONVERSION = YES;
				CLANG_WARN_CONSTANT_CONVERSION = YES;
				CLANG_WARN_DIRECT_OBJC_ISA_USAGE = YES_ERROR;
				CLANG_WARN_DOCUMENTATION_COMMENTS = YES;
				CLANG_WARN_EMPTY_BODY = YES;
				CLANG_WARN_ENUM_CONVERSION = YES;
				CLANG_WARN_INFINITE_RECURSION = YES;
				CLANG_WARN_INT_CONVERSION = YES;
				CLANG_WARN_OBJC_ROOT_CLASS = YES_ERROR;
				CLANG_WARN_SUSPICIOUS_MOVE = YES;
				CLANG_WARN_UNREACHABLE_CODE = YES;
				CLANG_WARN__DUPLICATE_METHOD_MATCH = YES;
				"CODE_SIGN_IDENTITY[sdk=iphoneos*]" = "iPhone Developer";
				COPY_PHASE_STRIP = NO;
				DEBUG_INFORMATION_FORMAT = dwarf;
				ENABLE_STRICT_OBJC_MSGSEND = YES;
				ENABLE_TESTABILITY = YES;
				GCC_C_LANGUAGE_STANDARD = gnu99;
				GCC_DYNAMIC_NO_PIC = NO;
				GCC_NO_COMMON_BLOCKS = YES;
				GCC_OPTIMIZATION_LEVEL = 0;
				GCC_PREPROCESSOR_DEFINITIONS = (
					"DEBUG=1",
					"$(inherited)",
				);
				GCC_WARN_64_TO_32_BIT_CONVERSION = YES;
				GCC_WARN_ABOUT_RETURN_TYPE = YES_ERROR;
				GCC_WARN_UNDECLARED_SELECTOR = YES;
				GCC_WARN_UNINITIALIZED_AUTOS = YES_AGGRESSIVE;
				GCC_WARN_UNUSED_FUNCTION = YES;
				GCC_WARN_UNUSED_VARIABLE = YES;
				IPHONEOS_DEPLOYMENT_TARGET = 10.3;
				MTL_ENABLE_DEBUG_INFO = YES;
				ONLY_ACTIVE_ARCH = YES;
				SDKROOT = iphoneos;
				SWIFT_ACTIVE_COMPILATION_CONDITIONS = DEBUG;
				SWIFT_OPTIMIZATION_LEVEL = "-Onone";
				TARGETED_DEVICE_FAMILY = "1,2";
			};
			name = Debug;
		};
		84C86F0E1EB9760000EBD289 /* Release */ = {
			isa = XCBuildConfiguration;
			buildSettings = {
				ALWAYS_SEARCH_USER_PATHS = NO;
				CLANG_ANALYZER_NONNULL = YES;
				CLANG_ANALYZER_NUMBER_OBJECT_CONVERSION = YES_AGGRESSIVE;
				CLANG_CXX_LANGUAGE_STANDARD = "gnu++0x";
				CLANG_CXX_LIBRARY = "libc++";
				CLANG_ENABLE_MODULES = YES;
				CLANG_ENABLE_OBJC_ARC = YES;
				CLANG_WARN_BOOL_CONVERSION = YES;
				CLANG_WARN_CONSTANT_CONVERSION = YES;
				CLANG_WARN_DIRECT_OBJC_ISA_USAGE = YES_ERROR;
				CLANG_WARN_DOCUMENTATION_COMMENTS = YES;
				CLANG_WARN_EMPTY_BODY = YES;
				CLANG_WARN_ENUM_CONVERSION = YES;
				CLANG_WARN_INFINITE_RECURSION = YES;
				CLANG_WARN_INT_CONVERSION = YES;
				CLANG_WARN_OBJC_ROOT_CLASS = YES_ERROR;
				CLANG_WARN_SUSPICIOUS_MOVE = YES;
				CLANG_WARN_UNREACHABLE_CODE = YES;
				CLANG_WARN__DUPLICATE_METHOD_MATCH = YES;
				"CODE_SIGN_IDENTITY[sdk=iphoneos*]" = "iPhone Developer";
				COPY_PHASE_STRIP = NO;
				DEBUG_INFORMATION_FORMAT = "dwarf-with-dsym";
				ENABLE_NS_ASSERTIONS = NO;
				ENABLE_STRICT_OBJC_MSGSEND = YES;
				GCC_C_LANGUAGE_STANDARD = gnu99;
				GCC_NO_COMMON_BLOCKS = YES;
				GCC_WARN_64_TO_32_BIT_CONVERSION = YES;
				GCC_WARN_ABOUT_RETURN_TYPE = YES_ERROR;
				GCC_WARN_UNDECLARED_SELECTOR = YES;
				GCC_WARN_UNINITIALIZED_AUTOS = YES_AGGRESSIVE;
				GCC_WARN_UNUSED_FUNCTION = YES;
				GCC_WARN_UNUSED_VARIABLE = YES;
				IPHONEOS_DEPLOYMENT_TARGET = 10.3;
				MTL_ENABLE_DEBUG_INFO = NO;
				SDKROOT = iphoneos;
				SWIFT_OPTIMIZATION_LEVEL = "-Owholemodule";
				TARGETED_DEVICE_FAMILY = "1,2";
				VALIDATE_PRODUCT = YES;
			};
			name = Release;
		};
		84C86F101EB9760000EBD289 /* Debug */ = {
			isa = XCBuildConfiguration;
			buildSettings = {
				ASSETCATALOG_COMPILER_APPICON_NAME = AppIcon;
				INFOPLIST_FILE = Houa/Info.plist;
				LD_RUNPATH_SEARCH_PATHS = "$(inherited) @executable_path/Frameworks";
				PRODUCT_BUNDLE_IDENTIFIER = com.houa.Houa;
				PRODUCT_NAME = "$(TARGET_NAME)";
				SWIFT_VERSION = 3.0;
			};
			name = Debug;
		};
		84C86F111EB9760000EBD289 /* Release */ = {
			isa = XCBuildConfiguration;
			buildSettings = {
				ASSETCATALOG_COMPILER_APPICON_NAME = AppIcon;
				INFOPLIST_FILE = Houa/Info.plist;
				LD_RUNPATH_SEARCH_PATHS = "$(inherited) @executable_path/Frameworks";
				PRODUCT_BUNDLE_IDENTIFIER = com.houa.Houa;
				PRODUCT_NAME = "$(TARGET_NAME)";
				SWIFT_VERSION = 3.0;
			};
			name = Release;
		};
		84C86F131EB9760000EBD289 /* Debug */ = {
			isa = XCBuildConfiguration;
			buildSettings = {
				ALWAYS_EMBED_SWIFT_STANDARD_LIBRARIES = YES;
				BUNDLE_LOADER = "$(TEST_HOST)";
				INFOPLIST_FILE = HouaTests/Info.plist;
				LD_RUNPATH_SEARCH_PATHS = "$(inherited) @executable_path/Frameworks @loader_path/Frameworks";
				PRODUCT_BUNDLE_IDENTIFIER = com.houa.HouaTests;
				PRODUCT_NAME = "$(TARGET_NAME)";
				SWIFT_VERSION = 3.0;
				TEST_HOST = "$(BUILT_PRODUCTS_DIR)/Houa.app/Houa";
			};
			name = Debug;
		};
		84C86F141EB9760000EBD289 /* Release */ = {
			isa = XCBuildConfiguration;
			buildSettings = {
				ALWAYS_EMBED_SWIFT_STANDARD_LIBRARIES = YES;
				BUNDLE_LOADER = "$(TEST_HOST)";
				INFOPLIST_FILE = HouaTests/Info.plist;
				LD_RUNPATH_SEARCH_PATHS = "$(inherited) @executable_path/Frameworks @loader_path/Frameworks";
				PRODUCT_BUNDLE_IDENTIFIER = com.houa.HouaTests;
				PRODUCT_NAME = "$(TARGET_NAME)";
				SWIFT_VERSION = 3.0;
				TEST_HOST = "$(BUILT_PRODUCTS_DIR)/Houa.app/Houa";
			};
			name = Release;
		};
/* End XCBuildConfiguration section */

/* Begin XCConfigurationList section */
		84C86EED1EB9760000EBD289 /* Build configuration list for PBXProject "Houa" */ = {
			isa = XCConfigurationList;
			buildConfigurations = (
				84C86F0D1EB9760000EBD289 /* Debug */,
				84C86F0E1EB9760000EBD289 /* Release */,
			);
			defaultConfigurationIsVisible = 0;
			defaultConfigurationName = Release;
		};
		84C86F0F1EB9760000EBD289 /* Build configuration list for PBXNativeTarget "Houa" */ = {
			isa = XCConfigurationList;
			buildConfigurations = (
				84C86F101EB9760000EBD289 /* Debug */,
				84C86F111EB9760000EBD289 /* Release */,
			);
			defaultConfigurationIsVisible = 0;
		};
		84C86F121EB9760000EBD289 /* Build configuration list for PBXNativeTarget "HouaTests" */ = {
			isa = XCConfigurationList;
			buildConfigurations = (
				84C86F131EB9760000EBD289 /* Debug */,
				84C86F141EB9760000EBD289 /* Release */,
			);
			defaultConfigurationIsVisible = 0;
		};
/* End XCConfigurationList section */
	};
	rootObject = 84C86EEA1EB9760000EBD289 /* Project object */;
}
